// !$*UTF8*$!
{
	archiveVersion = 1;
	classes = {
	};
	objectVersion = 48;
	objects = {

/* Begin PBXBuildFile section */
		EC3F7A091F87C4DE005C905E /* AppDelegate.swift in Sources */ = {isa = PBXBuildFile; fileRef = EC3F7A081F87C4DE005C905E /* AppDelegate.swift */; };
		EC3F7A0B1F87C4DE005C905E /* ViewController.swift in Sources */ = {isa = PBXBuildFile; fileRef = EC3F7A0A1F87C4DE005C905E /* ViewController.swift */; };
		EC3F7A0E1F87C4DE005C905E /* Main.storyboard in Resources */ = {isa = PBXBuildFile; fileRef = EC3F7A0C1F87C4DE005C905E /* Main.storyboard */; };
		EC3F7A101F87C4DE005C905E /* Assets.xcassets in Resources */ = {isa = PBXBuildFile; fileRef = EC3F7A0F1F87C4DE005C905E /* Assets.xcassets */; };
		EC3F7A131F87C4DE005C905E /* LaunchScreen.storyboard in Resources */ = {isa = PBXBuildFile; fileRef = EC3F7A111F87C4DE005C905E /* LaunchScreen.storyboard */; };
/* End PBXBuildFile section */

/* Begin PBXFileReference section */
		EC3F7A051F87C4DE005C905E /* C4QWeatherApp.app */ = {isa = PBXFileReference; explicitFileType = wrapper.application; includeInIndex = 0; path = C4QWeatherApp.app; sourceTree = BUILT_PRODUCTS_DIR; };
		EC3F7A081F87C4DE005C905E /* AppDelegate.swift */ = {isa = PBXFileReference; lastKnownFileType = sourcecode.swift; path = AppDelegate.swift; sourceTree = "<group>"; };
		EC3F7A0A1F87C4DE005C905E /* ViewController.swift */ = {isa = PBXFileReference; lastKnownFileType = sourcecode.swift; path = ViewController.swift; sourceTree = "<group>"; };
		EC3F7A0D1F87C4DE005C905E /* Base */ = {isa = PBXFileReference; lastKnownFileType = file.storyboard; name = Base; path = Base.lproj/Main.storyboard; sourceTree = "<group>"; };
		EC3F7A0F1F87C4DE005C905E /* Assets.xcassets */ = {isa = PBXFileReference; lastKnownFileType = folder.assetcatalog; path = Assets.xcassets; sourceTree = "<group>"; };
		EC3F7A121F87C4DE005C905E /* Base */ = {isa = PBXFileReference; lastKnownFileType = file.storyboard; name = Base; path = Base.lproj/LaunchScreen.storyboard; sourceTree = "<group>"; };
		EC3F7A141F87C4DE005C905E /* Info.plist */ = {isa = PBXFileReference; lastKnownFileType = text.plist.xml; path = Info.plist; sourceTree = "<group>"; };
/* End PBXFileReference section */

/* Begin PBXFrameworksBuildPhase section */
		EC3F7A021F87C4DE005C905E /* Frameworks */ = {
			isa = PBXFrameworksBuildPhase;
			buildActionMask = 2147483647;
			files = (
			);
			runOnlyForDeploymentPostprocessing = 0;
		};
/* End PBXFrameworksBuildPhase section */

/* Begin PBXGroup section */
		EC3F79FC1F87C4DE005C905E = {
			isa = PBXGroup;
			children = (
				EC3F7A071F87C4DE005C905E /* C4QWeatherApp */,
				EC3F7A061F87C4DE005C905E /* Products */,
			);
			sourceTree = "<group>";
		};
		EC3F7A061F87C4DE005C905E /* Products */ = {
			isa = PBXGroup;
			children = (
				EC3F7A051F87C4DE005C905E /* C4QWeatherApp.app */,
			);
			name = Products;
			sourceTree = "<group>";
		};
		EC3F7A071F87C4DE005C905E /* C4QWeatherApp */ = {
			isa = PBXGroup;
			children = (
				EC3F7A081F87C4DE005C905E /* AppDelegate.swift */,
				EC3F7A0A1F87C4DE005C905E /* ViewController.swift */,
				EC3F7A0C1F87C4DE005C905E /* Main.storyboard */,
				EC3F7A0F1F87C4DE005C905E /* Assets.xcassets */,
				EC3F7A111F87C4DE005C905E /* LaunchScreen.storyboard */,
				EC3F7A141F87C4DE005C905E /* Info.plist */,
			);
			path = C4QWeatherApp;
			sourceTree = "<group>";
		};
/* End PBXGroup section */

/* Begin PBXNativeTarget section */
		EC3F7A041F87C4DE005C905E /* C4QWeatherApp */ = {
			isa = PBXNativeTarget;
			buildConfigurationList = EC3F7A171F87C4DE005C905E /* Build configuration list for PBXNativeTarget "C4QWeatherApp" */;
			buildPhases = (
				EC3F7A011F87C4DE005C905E /* Sources */,
				EC3F7A021F87C4DE005C905E /* Frameworks */,
				EC3F7A031F87C4DE005C905E /* Resources */,
			);
			buildRules = (
			);
			dependencies = (
			);
			name = C4QWeatherApp;
			productName = C4QWeatherApp;
			productReference = EC3F7A051F87C4DE005C905E /* C4QWeatherApp.app */;
			productType = "com.apple.product-type.application";
		};
/* End PBXNativeTarget section */

/* Begin PBXProject section */
		EC3F79FD1F87C4DE005C905E /* Project object */ = {
			isa = PBXProject;
			attributes = {
				LastSwiftUpdateCheck = 0900;
				LastUpgradeCheck = 0900;
				ORGANIZATIONNAME = "Patrick O'Leary";
				TargetAttributes = {
					EC3F7A041F87C4DE005C905E = {
						CreatedOnToolsVersion = 9.0;
						ProvisioningStyle = Automatic;
					};
				};
			};
			buildConfigurationList = EC3F7A001F87C4DE005C905E /* Build configuration list for PBXProject "C4QWeatherApp" */;
			compatibilityVersion = "Xcode 8.0";
			developmentRegion = en;
			hasScannedForEncodings = 0;
			knownRegions = (
				en,
				Base,
			);
			mainGroup = EC3F79FC1F87C4DE005C905E;
			productRefGroup = EC3F7A061F87C4DE005C905E /* Products */;
			projectDirPath = "";
			projectRoot = "";
			targets = (
				EC3F7A041F87C4DE005C905E /* C4QWeatherApp */,
			);
		};
/* End PBXProject section */

/* Begin PBXResourcesBuildPhase section */
		EC3F7A031F87C4DE005C905E /* Resources */ = {
			isa = PBXResourcesBuildPhase;
			buildActionMask = 2147483647;
			files = (
				EC3F7A131F87C4DE005C905E /* LaunchScreen.storyboard in Resources */,
				EC3F7A101F87C4DE005C905E /* Assets.xcassets in Resources */,
				EC3F7A0E1F87C4DE005C905E /* Main.storyboard in Resources */,
			);
			runOnlyForDeploymentPostprocessing = 0;
		};
/* End PBXResourcesBuildPhase section */

/* Begin PBXSourcesBuildPhase section */
		EC3F7A011F87C4DE005C905E /* Sources */ = {
			isa = PBXSourcesBuildPhase;
			buildActionMask = 2147483647;
			files = (
				EC3F7A0B1F87C4DE005C905E /* ViewController.swift in Sources */,
				EC3F7A091F87C4DE005C905E /* AppDelegate.swift in Sources */,
			);
			runOnlyForDeploymentPostprocessing = 0;
		};
/* End PBXSourcesBuildPhase section */

/* Begin PBXVariantGroup section */
		EC3F7A0C1F87C4DE005C905E /* Main.storyboard */ = {
			isa = PBXVariantGroup;
			children = (
				EC3F7A0D1F87C4DE005C905E /* Base */,
			);
			name = Main.storyboard;
			sourceTree = "<group>";
		};
		EC3F7A111F87C4DE005C905E /* LaunchScreen.storyboard */ = {
			isa = PBXVariantGroup;
			children = (
				EC3F7A121F87C4DE005C905E /* Base */,
			);
			name = LaunchScreen.storyboard;
			sourceTree = "<group>";
		};
/* End PBXVariantGroup section */

/* Begin XCBuildConfiguration section */
		EC3F7A151F87C4DE005C905E /* Debug */ = {
			isa = XCBuildConfiguration;
			buildSettings = {
				ALWAYS_SEARCH_USER_PATHS = NO;
				CLANG_ANALYZER_NONNULL = YES;
				CLANG_ANALYZER_NUMBER_OBJECT_CONVERSION = YES_AGGRESSIVE;
				CLANG_CXX_LANGUAGE_STANDARD = "gnu++14";
				CLANG_CXX_LIBRARY = "libc++";
				CLANG_ENABLE_MODULES = YES;
				CLANG_ENABLE_OBJC_ARC = YES;
				CLANG_WARN_BLOCK_CAPTURE_AUTORELEASING = YES;
				CLANG_WARN_BOOL_CONVERSION = YES;
				CLANG_WARN_COMMA = YES;
				CLANG_WARN_CONSTANT_CONVERSION = YES;
				CLANG_WARN_DIRECT_OBJC_ISA_USAGE = YES_ERROR;
				CLANG_WARN_DOCUMENTATION_COMMENTS = YES;
				CLANG_WARN_EMPTY_BODY = YES;
				CLANG_WARN_ENUM_CONVERSION = YES;
				CLANG_WARN_INFINITE_RECURSION = YES;
				CLANG_WARN_INT_CONVERSION = YES;
				CLANG_WARN_NON_LITERAL_NULL_CONVERSION = YES;
				CLANG_WARN_OBJC_LITERAL_CONVERSION = YES;
				CLANG_WARN_OBJC_ROOT_CLASS = YES_ERROR;
				CLANG_WARN_RANGE_LOOP_ANALYSIS = YES;
				CLANG_WARN_STRICT_PROTOTYPES = YES;
				CLANG_WARN_SUSPICIOUS_MOVE = YES;
				CLANG_WARN_UNGUARDED_AVAILABILITY = YES_AGGRESSIVE;
				CLANG_WARN_UNREACHABLE_CODE = YES;
				CLANG_WARN__DUPLICATE_METHOD_MATCH = YES;
				CODE_SIGN_IDENTITY = "iPhone Developer";
				COPY_PHASE_STRIP = NO;
				DEBUG_INFORMATION_FORMAT = dwarf;
				ENABLE_STRICT_OBJC_MSGSEND = YES;
				ENABLE_TESTABILITY = YES;
				GCC_C_LANGUAGE_STANDARD = gnu11;
				GCC_DYNAMIC_NO_PIC = NO;
				GCC_NO_COMMON_BLOCKS = YES;
				GCC_OPTIMIZATION_LEVEL = 0;
				GCC_PREPROCESSOR_DEFINITIONS = (
					"DEBUG=1",
					"$(inherited)",
				);
				GCC_WARN_64_TO_32_BIT_CONVERSION = YES;
				GCC_WARN_ABOUT_RETURN_TYPE = YES_ERROR;
				GCC_WARN_UNDECLARED_SELECTOR = YES;
				GCC_WARN_UNINITIALIZED_AUTOS = YES_AGGRESSIVE;
				GCC_WARN_UNUSED_FUNCTION = YES;
				GCC_WARN_UNUSED_VARIABLE = YES;
				IPHONEOS_DEPLOYMENT_TARGET = 11.0;
				MTL_ENABLE_DEBUG_INFO = YES;
				ONLY_ACTIVE_ARCH = YES;
				SDKROOT = iphoneos;
				SWIFT_ACTIVE_COMPILATION_CONDITIONS = DEBUG;
				SWIFT_OPTIMIZATION_LEVEL = "-Onone";
			};
			name = Debug;
		};
		EC3F7A161F87C4DE005C905E /* Release */ = {
			isa = XCBuildConfiguration;
			buildSettings = {
				ALWAYS_SEARCH_USER_PATHS = NO;
				CLANG_ANALYZER_NONNULL = YES;
				CLANG_ANALYZER_NUMBER_OBJECT_CONVERSION = YES_AGGRESSIVE;
				CLANG_CXX_LANGUAGE_STANDARD = "gnu++14";
				CLANG_CXX_LIBRARY = "libc++";
				CLANG_ENABLE_MODULES = YES;
				CLANG_ENABLE_OBJC_ARC = YES;
				CLANG_WARN_BLOCK_CAPTURE_AUTORELEASING = YES;
				CLANG_WARN_BOOL_CONVERSION = YES;
				CLANG_WARN_COMMA = YES;
				CLANG_WARN_CONSTANT_CONVERSION = YES;
				CLANG_WARN_DIRECT_OBJC_ISA_USAGE = YES_ERROR;
				CLANG_WARN_DOCUMENTATION_COMMENTS = YES;
				CLANG_WARN_EMPTY_BODY = YES;
				CLANG_WARN_ENUM_CONVERSION = YES;
				CLANG_WARN_INFINITE_RECURSION = YES;
				CLANG_WARN_INT_CONVERSION = YES;
				CLANG_WARN_NON_LITERAL_NULL_CONVERSION = YES;
				CLANG_WARN_OBJC_LITERAL_CONVERSION = YES;
				CLANG_WARN_OBJC_ROOT_CLASS = YES_ERROR;
				CLANG_WARN_RANGE_LOOP_ANALYSIS = YES;
				CLANG_WARN_STRICT_PROTOTYPES = YES;
				CLANG_WARN_SUSPICIOUS_MOVE = YES;
				CLANG_WARN_UNGUARDED_AVAILABILITY = YES_AGGRESSIVE;
				CLANG_WARN_UNREACHABLE_CODE = YES;
				CLANG_WARN__DUPLICATE_METHOD_MATCH = YES;
				CODE_SIGN_IDENTITY = "iPhone Developer";
				COPY_PHASE_STRIP = NO;
				DEBUG_INFORMATION_FORMAT = "dwarf-with-dsym";
				ENABLE_NS_ASSERTIONS = NO;
				ENABLE_STRICT_OBJC_MSGSEND = YES;
				GCC_C_LANGUAGE_STANDARD = gnu11;
				GCC_NO_COMMON_BLOCKS = YES;
				GCC_WARN_64_TO_32_BIT_CONVERSION = YES;
				GCC_WARN_ABOUT_RETURN_TYPE = YES_ERROR;
				GCC_WARN_UNDECLARED_SELECTOR = YES;
				GCC_WARN_UNINITIALIZED_AUTOS = YES_AGGRESSIVE;
				GCC_WARN_UNUSED_FUNCTION = YES;
				GCC_WARN_UNUSED_VARIABLE = YES;
				IPHONEOS_DEPLOYMENT_TARGET = 11.0;
				MTL_ENABLE_DEBUG_INFO = NO;
				SDKROOT = iphoneos;
				SWIFT_OPTIMIZATION_LEVEL = "-Owholemodule";
				VALIDATE_PRODUCT = YES;
			};
			name = Release;
		};
		EC3F7A181F87C4DE005C905E /* Debug */ = {
			isa = XCBuildConfiguration;
			buildSettings = {
				ASSETCATALOG_COMPILER_APPICON_NAME = AppIcon;
				CODE_SIGN_STYLE = Automatic;
				DEVELOPMENT_TEAM = 992D98C4QP;
				INFOPLIST_FILE = C4QWeatherApp/Info.plist;
				LD_RUNPATH_SEARCH_PATHS = "$(inherited) @executable_path/Frameworks";
				PRODUCT_BUNDLE_IDENTIFIER = SweetPea.C4QWeatherApp;
				PRODUCT_NAME = "$(TARGET_NAME)";
				SWIFT_VERSION = 4.0;
				TARGETED_DEVICE_FAMILY = "1,2";
			};
			name = Debug;
		};
		EC3F7A191F87C4DE005C905E /* Release */ = {
			isa = XCBuildConfiguration;
			buildSettings = {
				ASSETCATALOG_COMPILER_APPICON_NAME = AppIcon;
				CODE_SIGN_STYLE = Automatic;
				DEVELOPMENT_TEAM = 992D98C4QP;
				INFOPLIST_FILE = C4QWeatherApp/Info.plist;
				LD_RUNPATH_SEARCH_PATHS = "$(inherited) @executable_path/Frameworks";
				PRODUCT_BUNDLE_IDENTIFIER = SweetPea.C4QWeatherApp;
				PRODUCT_NAME = "$(TARGET_NAME)";
				SWIFT_VERSION = 4.0;
				TARGETED_DEVICE_FAMILY = "1,2";
			};
			name = Release;
		};
/* End XCBuildConfiguration section */

/* Begin XCConfigurationList section */
		EC3F7A001F87C4DE005C905E /* Build configuration list for PBXProject "C4QWeatherApp" */ = {
			isa = XCConfigurationList;
			buildConfigurations = (
				EC3F7A151F87C4DE005C905E /* Debug */,
				EC3F7A161F87C4DE005C905E /* Release */,
			);
			defaultConfigurationIsVisible = 0;
			defaultConfigurationName = Release;
		};
		EC3F7A171F87C4DE005C905E /* Build configuration list for PBXNativeTarget "C4QWeatherApp" */ = {
			isa = XCConfigurationList;
			buildConfigurations = (
				EC3F7A181F87C4DE005C905E /* Debug */,
				EC3F7A191F87C4DE005C905E /* Release */,
			);
			defaultConfigurationIsVisible = 0;
			defaultConfigurationName = Release;
		};
/* End XCConfigurationList section */
	};
	rootObject = EC3F79FD1F87C4DE005C905E /* Project object */;
}
